lockVersion: 2.0.0
id: bfe29c99-6e67-43fe-b928-64d6a5ed6aa8
management:
  docChecksum: 0ce7312d7709dddba448d3fb4b927bb6
  docVersion: v1
  speakeasyVersion: 1.335.0
  generationVersion: 2.370.2
  releaseVersion: 0.5.0-alpha.8
  configChecksum: 6933af57af894f683ab29b51e56dff2c
  repoURL: https://github.com/clerk/clerk-sdk-python.git
  installationURL: https://github.com/clerk/clerk-sdk-python.git
  published: true
features:
  python:
    additionalDependencies: 1.0.0
    constsAndDefaults: 1.0.0
    core: 5.0.0
    defaultEnabledRetries: 0.2.0
    deprecations: 3.0.0
    examples: 3.0.0
    flatRequests: 1.0.0
    flattening: 3.0.0
    globalSecurity: 3.0.0
    globalSecurityCallbacks: 1.0.0
    globalSecurityFlattening: 1.0.0
    globalServerURLs: 3.0.0
    groups: 3.0.0
    multipartFileContentType: 1.0.0
    nameOverrides: 3.0.0
    nullables: 1.0.0
    pagination: 3.0.0
    responseFormat: 1.0.0
    retries: 3.0.0
    sdkHooks: 1.0.0
    unions: 3.0.0
    uploadStreams: 1.0.0
generatedFiles:
  - src/clerk_backend_api/sdkconfiguration.py
  - src/clerk_backend_api/misc.py
  - src/clerk_backend_api/jwks.py
  - src/clerk_backend_api/clients.py
  - src/clerk_backend_api/emailaddresses.py
  - src/clerk_backend_api/phonenumbers.py
  - src/clerk_backend_api/sessions.py
  - src/clerk_backend_api/templates.py
  - src/clerk_backend_api/users.py
  - src/clerk_backend_api/invitations.py
  - src/clerk_backend_api/allowlistidentifiers.py
  - src/clerk_backend_api/blocklistidentifiers_sdk.py
  - src/clerk_backend_api/betafeatures.py
  - src/clerk_backend_api/actortokens.py
  - src/clerk_backend_api/domains_sdk.py
  - src/clerk_backend_api/instancesettings_sdk.py
  - src/clerk_backend_api/webhooks.py
  - src/clerk_backend_api/jwttemplates.py
  - src/clerk_backend_api/organizations_sdk.py
  - src/clerk_backend_api/organizationinvitations_sdk.py
  - src/clerk_backend_api/organizationmemberships_sdk.py
  - src/clerk_backend_api/proxychecks.py
  - src/clerk_backend_api/redirecturls.py
  - src/clerk_backend_api/signintokens.py
  - src/clerk_backend_api/signups.py
  - src/clerk_backend_api/oauthapplications_sdk.py
  - src/clerk_backend_api/samlconnections_sdk.py
  - src/clerk_backend_api/testingtokens.py
  - src/clerk_backend_api/sdk.py
  - .vscode/settings.json
  - py.typed
  - pylintrc
  - pyproject.toml
  - scripts/publish.sh
  - src/clerk_backend_api/__init__.py
  - src/clerk_backend_api/basesdk.py
  - src/clerk_backend_api/httpclient.py
  - src/clerk_backend_api/types/__init__.py
  - src/clerk_backend_api/types/basemodel.py
  - src/clerk_backend_api/utils/__init__.py
  - src/clerk_backend_api/utils/enums.py
  - src/clerk_backend_api/utils/eventstreaming.py
  - src/clerk_backend_api/utils/forms.py
  - src/clerk_backend_api/utils/headers.py
  - src/clerk_backend_api/utils/metadata.py
  - src/clerk_backend_api/utils/queryparams.py
  - src/clerk_backend_api/utils/requestbodies.py
  - src/clerk_backend_api/utils/retries.py
  - src/clerk_backend_api/utils/security.py
  - src/clerk_backend_api/utils/serializers.py
  - src/clerk_backend_api/utils/url.py
  - src/clerk_backend_api/utils/values.py
  - src/clerk_backend_api/models/sdkerror.py
  - src/clerk_backend_api/models/getpublicinterstitialop.py
  - src/clerk_backend_api/models/getclientlistop.py
  - src/clerk_backend_api/models/client.py
  - src/clerk_backend_api/models/session.py
  - src/clerk_backend_api/models/clerkerrors.py
  - src/clerk_backend_api/models/clerkerror.py
  - src/clerk_backend_api/models/verifyclientop.py
  - src/clerk_backend_api/models/getclientop.py
  - src/clerk_backend_api/models/emailaddress.py
  - src/clerk_backend_api/models/identificationlink.py
  - src/clerk_backend_api/models/createemailaddressop.py
  - src/clerk_backend_api/models/getemailaddressop.py
  - src/clerk_backend_api/models/deletedobject.py
  - src/clerk_backend_api/models/deleteemailaddressop.py
  - src/clerk_backend_api/models/updateemailaddressop.py
  - src/clerk_backend_api/models/phonenumber.py
  - src/clerk_backend_api/models/createphonenumberop.py
  - src/clerk_backend_api/models/getphonenumberop.py
  - src/clerk_backend_api/models/deletephonenumberop.py
  - src/clerk_backend_api/models/updatephonenumberop.py
  - src/clerk_backend_api/models/getsessionlistop.py
  - src/clerk_backend_api/models/getsessionop.py
  - src/clerk_backend_api/models/revokesessionop.py
  - src/clerk_backend_api/models/verifysessionop.py
  - src/clerk_backend_api/models/createsessiontokenfromtemplateop.py
  - src/clerk_backend_api/models/template.py
  - src/clerk_backend_api/models/gettemplatelistop.py
  - src/clerk_backend_api/models/gettemplateop.py
  - src/clerk_backend_api/models/upserttemplateop.py
  - src/clerk_backend_api/models/reverttemplateop.py
  - src/clerk_backend_api/models/previewtemplateop.py
  - src/clerk_backend_api/models/toggletemplatedeliveryop.py
  - src/clerk_backend_api/models/user.py
  - src/clerk_backend_api/models/samlaccount.py
  - src/clerk_backend_api/models/schemas_passkey.py
  - src/clerk_backend_api/models/web3wallet.py
  - src/clerk_backend_api/models/getuserlistop.py
  - src/clerk_backend_api/models/createuserop.py
  - src/clerk_backend_api/models/totalcount.py
  - src/clerk_backend_api/models/getuserscountop.py
  - src/clerk_backend_api/models/getuserop.py
  - src/clerk_backend_api/models/updateuserop.py
  - src/clerk_backend_api/models/deleteuserop.py
  - src/clerk_backend_api/models/banuserop.py
  - src/clerk_backend_api/models/unbanuserop.py
  - src/clerk_backend_api/models/lockuserop.py
  - src/clerk_backend_api/models/unlockuserop.py
  - src/clerk_backend_api/models/setuserprofileimageop.py
  - src/clerk_backend_api/models/deleteuserprofileimageop.py
  - src/clerk_backend_api/models/updateusermetadataop.py
  - src/clerk_backend_api/models/getoauthaccesstokenop.py
  - src/clerk_backend_api/models/usersgetorganizationmembershipsop.py
  - src/clerk_backend_api/models/organizationmemberships.py
  - src/clerk_backend_api/models/organizationmembership.py
  - src/clerk_backend_api/models/verifypasswordop.py
  - src/clerk_backend_api/models/verifytotpop.py
  - src/clerk_backend_api/models/disablemfaop.py
  - src/clerk_backend_api/models/invitation.py
  - src/clerk_backend_api/models/createinvitationop.py
  - src/clerk_backend_api/models/listinvitationsop.py
  - src/clerk_backend_api/models/invitation_revoked.py
  - src/clerk_backend_api/models/revokeinvitationop.py
  - src/clerk_backend_api/models/allowlistidentifier.py
  - src/clerk_backend_api/models/createallowlistidentifierop.py
  - src/clerk_backend_api/models/deleteallowlistidentifierop.py
  - src/clerk_backend_api/models/blocklistidentifiers.py
  - src/clerk_backend_api/models/blocklistidentifier.py
  - src/clerk_backend_api/models/createblocklistidentifierop.py
  - src/clerk_backend_api/models/deleteblocklistidentifierop.py
  - src/clerk_backend_api/models/instancesettings.py
  - src/clerk_backend_api/models/updateinstanceauthconfigop.py
  - src/clerk_backend_api/models/updateproductioninstancedomainop.py
  - src/clerk_backend_api/models/changeproductioninstancedomainop.py
  - src/clerk_backend_api/models/actortoken.py
  - src/clerk_backend_api/models/createactortokenop.py
  - src/clerk_backend_api/models/revokeactortokenop.py
  - src/clerk_backend_api/models/domains.py
  - src/clerk_backend_api/models/domain.py
  - src/clerk_backend_api/models/cnametarget.py
  - src/clerk_backend_api/models/adddomainop.py
  - src/clerk_backend_api/models/deletedomainop.py
  - src/clerk_backend_api/models/updatedomainop.py
  - src/clerk_backend_api/models/updateinstanceop.py
  - src/clerk_backend_api/models/instancerestrictions.py
  - src/clerk_backend_api/models/updateinstancerestrictionsop.py
  - src/clerk_backend_api/models/organizationsettings.py
  - src/clerk_backend_api/models/updateinstanceorganizationsettingsop.py
  - src/clerk_backend_api/models/svixurl.py
  - src/clerk_backend_api/models/jwttemplate.py
  - src/clerk_backend_api/models/createjwttemplateop.py
  - src/clerk_backend_api/models/getjwttemplateop.py
  - src/clerk_backend_api/models/updatejwttemplateop.py
  - src/clerk_backend_api/models/deletejwttemplateop.py
  - src/clerk_backend_api/models/organizations.py
  - src/clerk_backend_api/models/organization.py
  - src/clerk_backend_api/models/listorganizationsop.py
  - src/clerk_backend_api/models/createorganizationop.py
  - src/clerk_backend_api/models/getorganizationop.py
  - src/clerk_backend_api/models/updateorganizationop.py
  - src/clerk_backend_api/models/deleteorganizationop.py
  - src/clerk_backend_api/models/mergeorganizationmetadataop.py
  - src/clerk_backend_api/models/organizationwithlogo.py
  - src/clerk_backend_api/models/uploadorganizationlogoop.py
  - src/clerk_backend_api/models/deleteorganizationlogoop.py
  - src/clerk_backend_api/models/organizationinvitation.py
  - src/clerk_backend_api/models/createorganizationinvitationop.py
  - src/clerk_backend_api/models/listorganizationinvitationsop.py
  - src/clerk_backend_api/models/organizationinvitations.py
  - src/clerk_backend_api/models/createorganizationinvitationbulkop.py
  - src/clerk_backend_api/models/listpendingorganizationinvitationsop.py
  - src/clerk_backend_api/models/getorganizationinvitationop.py
  - src/clerk_backend_api/models/revokeorganizationinvitationop.py
  - src/clerk_backend_api/models/createorganizationmembershipop.py
  - src/clerk_backend_api/models/listorganizationmembershipsop.py
  - src/clerk_backend_api/models/updateorganizationmembershipop.py
  - src/clerk_backend_api/models/deleteorganizationmembershipop.py
  - src/clerk_backend_api/models/updateorganizationmembershipmetadataop.py
  - src/clerk_backend_api/models/proxycheck.py
  - src/clerk_backend_api/models/verifydomainproxyop.py
  - src/clerk_backend_api/models/redirecturl.py
  - src/clerk_backend_api/models/createredirecturlop.py
  - src/clerk_backend_api/models/getredirecturlop.py
  - src/clerk_backend_api/models/deleteredirecturlop.py
  - src/clerk_backend_api/models/signintoken.py
  - src/clerk_backend_api/models/createsignintokenop.py
  - src/clerk_backend_api/models/revokesignintokenop.py
  - src/clerk_backend_api/models/signup.py
  - src/clerk_backend_api/models/updatesignupop.py
  - src/clerk_backend_api/models/listoauthapplicationsop.py
  - src/clerk_backend_api/models/oauthapplications.py
  - src/clerk_backend_api/models/oauthapplication.py
  - src/clerk_backend_api/models/oauthapplicationwithsecret.py
  - src/clerk_backend_api/models/createoauthapplicationop.py
  - src/clerk_backend_api/models/getoauthapplicationop.py
  - src/clerk_backend_api/models/updateoauthapplicationop.py
  - src/clerk_backend_api/models/deleteoauthapplicationop.py
  - src/clerk_backend_api/models/rotateoauthapplicationsecretop.py
  - src/clerk_backend_api/models/listsamlconnectionsop.py
  - src/clerk_backend_api/models/samlconnections.py
  - src/clerk_backend_api/models/samlconnection.py
  - src/clerk_backend_api/models/createsamlconnectionop.py
  - src/clerk_backend_api/models/getsamlconnectionop.py
  - src/clerk_backend_api/models/updatesamlconnectionop.py
  - src/clerk_backend_api/models/deletesamlconnectionop.py
  - src/clerk_backend_api/models/testingtoken.py
  - src/clerk_backend_api/models/security.py
  - src/clerk_backend_api/models/__init__.py
  - docs/models/getpublicinterstitialrequest.md
  - docs/models/getclientlistrequest.md
  - docs/models/getclientlistresponse.md
  - docs/models/object.md
  - docs/models/client.md
  - docs/models/sessionobject.md
  - docs/models/actor.md
  - docs/models/status.md
  - docs/models/session.md
  - docs/models/clerkerrorsmeta.md
  - docs/models/clerkerrors.md
  - docs/models/meta.md
  - docs/models/clerkerror.md
  - docs/models/verifyclientrequestbody.md
  - docs/models/getclientrequest.md
  - docs/models/emailaddressobject.md
  - docs/models/oauthverificationstatus.md
  - docs/models/oauthverificationstrategy.md
  - docs/models/errormeta.md
  - docs/models/errorclerkerror.md
  - docs/models/error.md
  - docs/models/oauth.md
  - docs/models/adminverificationstatus.md
  - docs/models/verificationstrategy.md
  - docs/models/admin.md
  - docs/models/verificationstatus.md
  - docs/models/strategy.md
  - docs/models/otp.md
  - docs/models/verification.md
  - docs/models/emailaddress.md
  - docs/models/type.md
  - docs/models/identificationlink.md
  - docs/models/createemailaddressrequestbody.md
  - docs/models/getemailaddressrequest.md
  - docs/models/deletedobject.md
  - docs/models/deleteemailaddressrequest.md
  - docs/models/updateemailaddressrequestbody.md
  - docs/models/updateemailaddressrequest.md
  - docs/models/phonenumberobject.md
  - docs/models/adminverificationphonenumberstatus.md
  - docs/models/adminverificationstrategy.md
  - docs/models/verificationadmin.md
  - docs/models/otpverificationstatus.md
  - docs/models/otpverificationstrategy.md
  - docs/models/verificationotp.md
  - docs/models/phonenumberverification.md
  - docs/models/phonenumber.md
  - docs/models/createphonenumberrequestbody.md
  - docs/models/getphonenumberrequest.md
  - docs/models/deletephonenumberrequest.md
  - docs/models/updatephonenumberrequestbody.md
  - docs/models/updatephonenumberrequest.md
  - docs/models/queryparamstatus.md
  - docs/models/getsessionlistrequest.md
  - docs/models/getsessionrequest.md
  - docs/models/revokesessionrequest.md
  - docs/models/verifysessionrequestbody.md
  - docs/models/verifysessionrequest.md
  - docs/models/createsessiontokenfromtemplaterequest.md
  - docs/models/createsessiontokenfromtemplateobject.md
  - docs/models/createsessiontokenfromtemplateresponsebody.md
  - docs/models/templateobject.md
  - docs/models/template.md
  - docs/models/templatetype.md
  - docs/models/gettemplatelistrequest.md
  - docs/models/pathparamtemplatetype.md
  - docs/models/gettemplaterequest.md
  - docs/models/upserttemplatepathparamtemplatetype.md
  - docs/models/upserttemplaterequestbody.md
  - docs/models/upserttemplaterequest.md
  - docs/models/reverttemplatepathparamtemplatetype.md
  - docs/models/reverttemplaterequest.md
  - docs/models/previewtemplaterequestbody.md
  - docs/models/previewtemplaterequest.md
  - docs/models/previewtemplateresponsebody.md
  - docs/models/toggletemplatedeliverypathparamtemplatetype.md
  - docs/models/toggletemplatedeliveryrequestbody.md
  - docs/models/toggletemplatedeliveryrequest.md
  - docs/models/userobject.md
  - docs/models/publicmetadata.md
  - docs/models/privatemetadata.md
  - docs/models/unsafemetadata.md
  - docs/models/externalaccounts.md
  - docs/models/user.md
  - docs/models/samlaccountobject.md
  - docs/models/samlaccountpublicmetadata.md
  - docs/models/ticketverificationstatus.md
  - docs/models/ticketverificationstrategy.md
  - docs/models/ticket.md
  - docs/models/samlverificationstatus.md
  - docs/models/samlverificationstrategy.md
  - docs/models/clerkerrorerrormeta.md
  - docs/models/samlerrorclerkerror.md
  - docs/models/verificationerror.md
  - docs/models/saml.md
  - docs/models/samlaccountverification.md
  - docs/models/samlaccount.md
  - docs/models/schemaspasskeyobject.md
  - docs/models/passkeyverificationstatus.md
  - docs/models/passkeyverificationstrategy.md
  - docs/models/verificationnonce.md
  - docs/models/passkey.md
  - docs/models/schemaspasskeyverification.md
  - docs/models/schemaspasskey.md
  - docs/models/web3walletobject.md
  - docs/models/adminverificationweb3walletstatus.md
  - docs/models/adminverificationweb3walletstrategy.md
  - docs/models/web3walletverificationadmin.md
  - docs/models/web3signatureverificationstatus.md
  - docs/models/web3signatureverificationstrategy.md
  - docs/models/nonce.md
  - docs/models/web3signature.md
  - docs/models/web3walletverification.md
  - docs/models/web3wallet.md
  - docs/models/getuserlistrequest.md
  - docs/models/passwordhasher.md
  - docs/models/createuserpublicmetadata.md
  - docs/models/createuserprivatemetadata.md
  - docs/models/createuserunsafemetadata.md
  - docs/models/createuserrequestbody.md
  - docs/models/totalcountobject.md
  - docs/models/totalcount.md
  - docs/models/getuserscountrequest.md
  - docs/models/getuserrequest.md
  - docs/models/updateuserpasswordhasher.md
  - docs/models/updateuserpublicmetadata.md
  - docs/models/updateuserprivatemetadata.md
  - docs/models/updateuserunsafemetadata.md
  - docs/models/updateuserrequestbody.md
  - docs/models/updateuserrequest.md
  - docs/models/deleteuserrequest.md
  - docs/models/banuserrequest.md
  - docs/models/unbanuserrequest.md
  - docs/models/lockuserrequest.md
  - docs/models/unlockuserrequest.md
  - docs/models/file.md
  - docs/models/setuserprofileimagerequestbody.md
  - docs/models/setuserprofileimagerequest.md
  - docs/models/deleteuserprofileimagerequest.md
  - docs/models/updateusermetadataprivatemetadata.md
  - docs/models/updateusermetadataunsafemetadata.md
  - docs/models/updateusermetadatarequestbody.md
  - docs/models/updateusermetadatarequest.md
  - docs/models/getoauthaccesstokenrequest.md
  - docs/models/getoauthaccesstokenpublicmetadata.md
  - docs/models/responsebody.md
  - docs/models/usersgetorganizationmembershipsrequest.md
  - docs/models/usersgetorganizationmembershipsresponse.md
  - docs/models/organizationmemberships.md
  - docs/models/organizationmembershipobject.md
  - docs/models/organizationmembershippublicmetadata.md
  - docs/models/organizationmembershipprivatemetadata.md
  - docs/models/organizationmembershiporganizationobject.md
  - docs/models/organizationmembershiporganizationpublicmetadata.md
  - docs/models/organizationmembershiporganizationprivatemetadata.md
  - docs/models/organizationmembershiporganization.md
  - docs/models/publicuserdata.md
  - docs/models/organizationmembership.md
  - docs/models/verifypasswordrequestbody.md
  - docs/models/verifypasswordrequest.md
  - docs/models/verifypasswordresponsebody.md
  - docs/models/verifytotprequestbody.md
  - docs/models/verifytotprequest.md
  - docs/models/codetype.md
  - docs/models/verifytotpresponsebody.md
  - docs/models/disablemfarequest.md
  - docs/models/disablemfaresponsebody.md
  - docs/models/invitationobject.md
  - docs/models/invitationpublicmetadata.md
  - docs/models/invitationstatus.md
  - docs/models/invitation.md
  - docs/models/createinvitationpublicmetadata.md
  - docs/models/createinvitationrequestbody.md
  - docs/models/listinvitationsqueryparamstatus.md
  - docs/models/listinvitationsrequest.md
  - docs/models/listinvitationsresponse.md
  - docs/models/invitationrevokedobject.md
  - docs/models/invitationrevokedpublicmetadata.md
  - docs/models/invitationrevokedstatus.md
  - docs/models/invitationrevoked.md
  - docs/models/revokeinvitationrequest.md
  - docs/models/allowlistidentifierobject.md
  - docs/models/identifiertype.md
  - docs/models/allowlistidentifier.md
  - docs/models/createallowlistidentifierrequestbody.md
  - docs/models/deleteallowlistidentifierrequest.md
  - docs/models/blocklistidentifiers.md
  - docs/models/blocklistidentifierobject.md
  - docs/models/blocklistidentifieridentifiertype.md
  - docs/models/blocklistidentifier.md
  - docs/models/createblocklistidentifierrequestbody.md
  - docs/models/deleteblocklistidentifierrequest.md
  - docs/models/instancesettingsobject.md
  - docs/models/instancesettings.md
  - docs/models/updateinstanceauthconfigrequestbody.md
  - docs/models/updateproductioninstancedomainrequestbody.md
  - docs/models/changeproductioninstancedomainrequestbody.md
  - docs/models/actortokenobject.md
  - docs/models/actortokenstatus.md
  - docs/models/actortokenactor.md
  - docs/models/actortoken.md
  - docs/models/createactortokenrequestbody.md
  - docs/models/revokeactortokenrequest.md
  - docs/models/domains.md
  - docs/models/domainobject.md
  - docs/models/domain.md
  - docs/models/cnametarget.md
  - docs/models/adddomainrequestbody.md
  - docs/models/deletedomainrequest.md
  - docs/models/updatedomainrequestbody.md
  - docs/models/updatedomainrequest.md
  - docs/models/updateinstancerequestbody.md
  - docs/models/instancerestrictionsobject.md
  - docs/models/instancerestrictions.md
  - docs/models/updateinstancerestrictionsrequestbody.md
  - docs/models/organizationsettingsobject.md
  - docs/models/domainsenrollmentmodes.md
  - docs/models/organizationsettings.md
  - docs/models/updateinstanceorganizationsettingsrequestbody.md
  - docs/models/svixurl.md
  - docs/models/jwttemplateobject.md
  - docs/models/claims.md
  - docs/models/jwttemplate.md
  - docs/models/createjwttemplateclaims.md
  - docs/models/createjwttemplaterequestbody.md
  - docs/models/getjwttemplaterequest.md
  - docs/models/updatejwttemplateclaims.md
  - docs/models/updatejwttemplaterequestbody.md
  - docs/models/updatejwttemplaterequest.md
  - docs/models/deletejwttemplaterequest.md
  - docs/models/organizations.md
  - docs/models/organizationobject.md
  - docs/models/organizationpublicmetadata.md
  - docs/models/organizationprivatemetadata.md
  - docs/models/organization.md
  - docs/models/listorganizationsrequest.md
  - docs/models/createorganizationprivatemetadata.md
  - docs/models/createorganizationpublicmetadata.md
  - docs/models/createorganizationrequestbody.md
  - docs/models/getorganizationrequest.md
  - docs/models/updateorganizationpublicmetadata.md
  - docs/models/updateorganizationprivatemetadata.md
  - docs/models/updateorganizationrequestbody.md
  - docs/models/updateorganizationrequest.md
  - docs/models/deleteorganizationrequest.md
  - docs/models/mergeorganizationmetadatapublicmetadata.md
  - docs/models/mergeorganizationmetadataprivatemetadata.md
  - docs/models/mergeorganizationmetadatarequestbody.md
  - docs/models/mergeorganizationmetadatarequest.md
  - docs/models/organizationwithlogoobject.md
  - docs/models/organizationwithlogopublicmetadata.md
  - docs/models/organizationwithlogoprivatemetadata.md
  - docs/models/organizationwithlogo.md
  - docs/models/uploadorganizationlogofile.md
  - docs/models/uploadorganizationlogorequestbody.md
  - docs/models/uploadorganizationlogorequest.md
  - docs/models/deleteorganizationlogorequest.md
  - docs/models/organizationinvitationobject.md
  - docs/models/organizationinvitationpublicmetadata.md
  - docs/models/organizationinvitationprivatemetadata.md
  - docs/models/organizationinvitation.md
  - docs/models/createorganizationinvitationpublicmetadata.md
  - docs/models/createorganizationinvitationprivatemetadata.md
  - docs/models/createorganizationinvitationrequestbody.md
  - docs/models/createorganizationinvitationrequest.md
  - docs/models/listorganizationinvitationsqueryparamstatus.md
  - docs/models/listorganizationinvitationsrequest.md
  - docs/models/listorganizationinvitationsresponse.md
  - docs/models/organizationinvitations.md
  - docs/models/createorganizationinvitationbulkpublicmetadata.md
  - docs/models/createorganizationinvitationbulkprivatemetadata.md
  - docs/models/requestbody.md
  - docs/models/createorganizationinvitationbulkrequest.md
  - docs/models/listpendingorganizationinvitationsrequest.md
  - docs/models/listpendingorganizationinvitationsresponse.md
  - docs/models/getorganizationinvitationrequest.md
  - docs/models/revokeorganizationinvitationrequestbody.md
  - docs/models/revokeorganizationinvitationrequest.md
  - docs/models/createorganizationmembershiprequestbody.md
  - docs/models/createorganizationmembershiprequest.md
  - docs/models/listorganizationmembershipsrequest.md
  - docs/models/listorganizationmembershipsresponse.md
  - docs/models/updateorganizationmembershiprequestbody.md
  - docs/models/updateorganizationmembershiprequest.md
  - docs/models/deleteorganizationmembershiprequest.md
  - docs/models/updateorganizationmembershipmetadatapublicmetadata.md
  - docs/models/updateorganizationmembershipmetadataprivatemetadata.md
  - docs/models/updateorganizationmembershipmetadatarequestbody.md
  - docs/models/updateorganizationmembershipmetadatarequest.md
  - docs/models/proxycheckobject.md
  - docs/models/proxycheck.md
  - docs/models/verifydomainproxyrequestbody.md
  - docs/models/redirecturlobject.md
  - docs/models/redirecturl.md
  - docs/models/createredirecturlrequestbody.md
  - docs/models/getredirecturlrequest.md
  - docs/models/deleteredirecturlrequest.md
  - docs/models/signintokenobject.md
  - docs/models/signintokenstatus.md
  - docs/models/signintoken.md
  - docs/models/createsignintokenrequestbody.md
  - docs/models/revokesignintokenrequest.md
  - docs/models/signupobject.md
  - docs/models/signupstatus.md
  - docs/models/verifications.md
  - docs/models/signupunsafemetadata.md
  - docs/models/signuppublicmetadata.md
  - docs/models/externalaccount.md
  - docs/models/signup.md
  - docs/models/updatesignuprequestbody.md
  - docs/models/updatesignuprequest.md
  - docs/models/listoauthapplicationsrequest.md
  - docs/models/listoauthapplicationsresponse.md
  - docs/models/oauthapplications.md
  - docs/models/oauthapplicationobject.md
  - docs/models/oauthapplication.md
  - docs/models/oauthapplicationwithsecretobject.md
  - docs/models/oauthapplicationwithsecret.md
  - docs/models/createoauthapplicationrequestbody.md
  - docs/models/getoauthapplicationrequest.md
  - docs/models/updateoauthapplicationrequestbody.md
  - docs/models/updateoauthapplicationrequest.md
  - docs/models/deleteoauthapplicationrequest.md
  - docs/models/rotateoauthapplicationsecretrequest.md
  - docs/models/listsamlconnectionsrequest.md
  - docs/models/listsamlconnectionsresponse.md
  - docs/models/samlconnections.md
  - docs/models/samlconnectionobject.md
  - docs/models/attributemapping.md
  - docs/models/samlconnection.md
  - docs/models/provider.md
  - docs/models/createsamlconnectionattributemapping.md
  - docs/models/createsamlconnectionrequestbody.md
  - docs/models/getsamlconnectionrequest.md
  - docs/models/updatesamlconnectionattributemapping.md
  - docs/models/updatesamlconnectionrequestbody.md
  - docs/models/updatesamlconnectionrequest.md
  - docs/models/deletesamlconnectionrequest.md
  - docs/models/testingtokenobject.md
  - docs/models/testingtoken.md
  - docs/models/security.md
  - docs/sdks/clerk/README.md
  - docs/models/utils/retryconfig.md
  - docs/sdks/misc/README.md
  - docs/sdks/jwks/README.md
  - docs/sdks/clients/README.md
  - docs/sdks/emailaddresses/README.md
  - docs/sdks/phonenumbers/README.md
  - docs/sdks/sessions/README.md
  - docs/sdks/templates/README.md
  - docs/sdks/users/README.md
  - docs/sdks/invitations/README.md
  - docs/sdks/allowlistidentifiers/README.md
  - docs/sdks/blocklistidentifierssdk/README.md
  - docs/sdks/betafeatures/README.md
  - docs/sdks/actortokens/README.md
  - docs/sdks/domainssdk/README.md
  - docs/sdks/instancesettingssdk/README.md
  - docs/sdks/webhooks/README.md
  - docs/sdks/jwttemplates/README.md
  - docs/sdks/organizationssdk/README.md
  - docs/sdks/organizationinvitationssdk/README.md
  - docs/sdks/organizationmembershipssdk/README.md
  - docs/sdks/proxychecks/README.md
  - docs/sdks/redirecturls/README.md
  - docs/sdks/signintokens/README.md
  - docs/sdks/signups/README.md
  - docs/sdks/oauthapplicationssdk/README.md
  - docs/sdks/samlconnectionssdk/README.md
  - docs/sdks/testingtokens/README.md
  - USAGE.md
  - .gitattributes
  - src/clerk_backend_api/_hooks/sdkhooks.py
  - src/clerk_backend_api/_hooks/types.py
  - src/clerk_backend_api/_hooks/__init__.py
