speakeasyVersion: 1.653.0
sources:
    clerk-openapi:
        sourceNamespace: clerk-openapi
        sourceRevisionDigest: sha256:0ad1ab10e9dc7635ff065c7eea5cf70ed2049cc5eebca5e85278cd446d42606c
        sourceBlobDigest: sha256:b3995c2bca4313402799b1179ab92208ee1e784309bec497e06110b42933f48c
        tags:
            - latest
            - speakeasy-sdk-regen-lamone-update-sdk-version-1762792475
            - "2025-11-10"
targets:
    clerk-sdk-python:
        source: clerk-openapi
        sourceNamespace: clerk-openapi
        sourceRevisionDigest: sha256:0ad1ab10e9dc7635ff065c7eea5cf70ed2049cc5eebca5e85278cd446d42606c
        sourceBlobDigest: sha256:b3995c2bca4313402799b1179ab92208ee1e784309bec497e06110b42933f48c
        codeSamplesNamespace: clerk-openapi-python-code-samples
        codeSamplesRevisionDigest: sha256:9220c7eb7f21688c8de2a25887058cbaf96c1da1860848f4966e0384dd8c36b8
workflow:
    workflowVersion: 1.0.0
    speakeasyVersion: latest
    sources:
        clerk-openapi:
            inputs:
                - location: https://raw.githubusercontent.com/clerk/openapi-specs/refs/heads/main/bapi/2025-11-10.yml
            overlays:
                - location: ./examples.yaml
                - location: ./fixes.yaml
                - location: https://raw.githubusercontent.com/clerk/openapi-specs/refs/heads/main/.speakeasy/bapi/fixes.yml
            registry:
                location: registry.speakeasyapi.dev/clerk/clerk/clerk-openapi
    targets:
        clerk-sdk-python:
            target: python
            source: clerk-openapi
            output: .
            publish:
                pypi:
                    token: $pypi_token
            codeSamples:
                registry:
                    location: registry.speakeasyapi.dev/clerk/clerk/clerk-openapi-python-code-samples
                blocking: false
