speakeasyVersion: 1.385.0
sources:
    clerk-openapi:
        sourceNamespace: clerk-openapi
        sourceRevisionDigest: sha256:1c42a5b721828dd03a1012e4c108fc1fca15a9ebbe318daf24dc61c0adab3111
        sourceBlobDigest: sha256:18aae668583e7fea915d4b01912c8f93532ed71703e5d485052a39dffc0e7e1c
        tags:
            - latest
            - main
targets:
    clerk-sdk-python:
        source: clerk-openapi
        sourceNamespace: clerk-openapi
        sourceRevisionDigest: sha256:1c42a5b721828dd03a1012e4c108fc1fca15a9ebbe318daf24dc61c0adab3111
        sourceBlobDigest: sha256:18aae668583e7fea915d4b01912c8f93532ed71703e5d485052a39dffc0e7e1c
        outLocation: .
workflow:
    workflowVersion: 1.0.0
    speakeasyVersion: latest
    sources:
        clerk-openapi:
            inputs:
                - location: openapi.yaml
            overlays:
                - location: ./fixes.yaml
                - location: ./examples.yaml
            registry:
                location: registry.speakeasyapi.dev/clerk/clerk/clerk-openapi
    targets:
        clerk-sdk-python:
            target: python
            source: clerk-openapi
            output: .
            publish:
                pypi:
                    token: $pypi_token
