speakeasyVersion: 1.385.0
sources:
    clerk-openapi:
        sourceNamespace: clerk-openapi
        sourceRevisionDigest: sha256:39bcd57f7ed3b25f47ca21dad66dd895d2107d4f29fb4070e988e715870835da
        sourceBlobDigest: sha256:6d2275786c3b69d57ac0156ca74ded589c0f709023afd8198dcafc521a054561
        tags:
            - latest
            - main
targets:
    clerk-sdk-python:
        source: clerk-openapi
        sourceNamespace: clerk-openapi
        sourceRevisionDigest: sha256:39bcd57f7ed3b25f47ca21dad66dd895d2107d4f29fb4070e988e715870835da
        sourceBlobDigest: sha256:6d2275786c3b69d57ac0156ca74ded589c0f709023afd8198dcafc521a054561
        outLocation: .
workflow:
    workflowVersion: 1.0.0
    speakeasyVersion: 1.385.0
    sources:
        clerk-openapi:
            inputs:
                - location: https://raw.githubusercontent.com/clerk/openapi-specs/refs/heads/main/bapi/2021-02-05.yml
            overlays:
                - location: ./fixes.yaml
                - location: ./examples.yaml
                - location: .speakeasy/speakeasy-suggestions.yaml
            registry:
                location: registry.speakeasyapi.dev/clerk/clerk/clerk-openapi
    targets:
        clerk-sdk-python:
            target: python
            source: clerk-openapi
            output: .
            publish:
                pypi:
                    token: $pypi_token
